GEM
  remote: https://rubygems.org/
  specs:
    docile (1.4.1)
    markly (0.9.1)
    minitest (5.25.5)
    simplecov (0.22.0)
      docile (~> 1.1)
      simplecov-html (~> 0.11)
      simplecov_json_formatter (~> 0.1)
    simplecov-html (0.13.1)
    simplecov_json_formatter (0.1.4)
    webrick (1.9.2)

PLATFORMS
  ruby
  x86_64-linux

DEPENDENCIES
  markly (= 0.9.1)
  minitest (= 5.25.5)
  simplecov
  webrick (= 1.9.2)

BUNDLED WITH
   2.5.16
